
Microsoft Visual Studio Solution File, Format Version 12.00
# Visual Studio Version 17
VisualStudioVersion = 17.3.32901.215
MinimumVisualStudioVersion = 10.0.40219.1
Project("{FAE04EC0-301F-11D3-BF4B-00C04F79EFBC}") = "lab_5", "lab_5\lab_5.csproj", "{6DE3E75C-645E-4169-82F8-4475A2804E5A}"
EndProject
Global
	GlobalSection(SolutionConfigurationPlatforms) = preSolution
		Debug|Any CPU = Debug|Any CPU
		Release|Any CPU = Release|Any CPU
	EndGlobalSection
	GlobalSection(ProjectConfigurationPlatforms) = postSolution
		{6DE3E75C-645E-4169-82F8-4475A2804E5A}.Debug|Any CPU.ActiveCfg = Debug|Any CPU
		{6DE3E75C-645E-4169-82F8-4475A2804E5A}.Debug|Any CPU.Build.0 = Debug|Any CPU
		{6DE3E75C-645E-4169-82F8-4475A2804E5A}.Release|Any CPU.ActiveCfg = Release|Any CPU
		{6DE3E75C-645E-4169-82F8-4475A2804E5A}.Release|Any CPU.Build.0 = Release|Any CPU
	EndGlobalSection
	GlobalSection(SolutionProperties) = preSolution
		HideSolutionNode = FALSE
	EndGlobalSection
	GlobalSection(ExtensibilityGlobals) = postSolution
		SolutionGuid = {62A8F5CA-E1A4-455B-8BAA-A32935135C12}
	EndGlobalSection
EndGlobal
