
Microsoft Visual Studio Solution File, Format Version 12.00
# Visual Studio Version 17
VisualStudioVersion = 17.3.32901.215
MinimumVisualStudioVersion = 10.0.40219.1
Project("{FAE04EC0-301F-11D3-BF4B-00C04F79EFBC}") = "lab_3", "lab_3\lab_3.csproj", "{24557F01-62C6-45D3-9F81-4242DA1A2C09}"
EndProject
Global
	GlobalSection(SolutionConfigurationPlatforms) = preSolution
		Debug|Any CPU = Debug|Any CPU
		Release|Any CPU = Release|Any CPU
	EndGlobalSection
	GlobalSection(ProjectConfigurationPlatforms) = postSolution
		{24557F01-62C6-45D3-9F81-4242DA1A2C09}.Debug|Any CPU.ActiveCfg = Debug|Any CPU
		{24557F01-62C6-45D3-9F81-4242DA1A2C09}.Debug|Any CPU.Build.0 = Debug|Any CPU
		{24557F01-62C6-45D3-9F81-4242DA1A2C09}.Release|Any CPU.ActiveCfg = Release|Any CPU
		{24557F01-62C6-45D3-9F81-4242DA1A2C09}.Release|Any CPU.Build.0 = Release|Any CPU
	EndGlobalSection
	GlobalSection(SolutionProperties) = preSolution
		HideSolutionNode = FALSE
	EndGlobalSection
	GlobalSection(ExtensibilityGlobals) = postSolution
		SolutionGuid = {CE52AEC9-9B8A-43DC-86D8-0B8EC6153459}
	EndGlobalSection
EndGlobal
